{
    "requires": true,
    "lockfileVersion": 1,
    "dependencies": {
        "core-util-is": {
            "version": "1.0.2",
            "resolved": "https://registry.npm.taobao.org/core-util-is/download/core-util-is-1.0.2.tgz",
            "integrity": "sha1-tf1UIgqivFq1eqtxQMlAdUUDwac="
        },
        "de-indent": {
            "version": "1.0.2",
            "resolved": "https://registry.npmjs.org/de-indent/-/de-indent-1.0.2.tgz",
            "integrity": "sha1-sgOOhG3DO6pXlhKNCAS0VbjB4h0=",
            "dev": true
        },
        "deep-extend": {
            "version": "0.6.0",
            "resolved": "https://registry.npm.taobao.org/deep-extend/download/deep-extend-0.6.0.tgz",
            "integrity": "sha1-xPp8lUBKF6nD6Mp+FTcxK3NjMKw="
        },
        "dot-prop": {
            "version": "2.2.0",
            "resolved": "https://registry.npm.taobao.org/dot-prop/download/dot-prop-2.2.0.tgz",
            "integrity": "sha1-Ktwm7I+0kTKCwHTsLrGJeBOU6J0="
        },
        "duplexify": {
            "version": "3.7.1",
            "resolved": "https://registry.npm.taobao.org/duplexify/download/duplexify-3.7.1.tgz",
            "integrity": "sha1-Kk31MX9sz9kfhtb9JdjYoQO4gwk=",
            "requires": {
                "end-of-stream": "^1.0.0",
                "inherits": "^2.0.1",
                "readable-stream": "^2.0.0",
                "stream-shift": "^1.0.0"
            }
        },
        "end-of-stream": {
            "version": "1.4.4",
            "resolved": "https://registry.npm.taobao.org/end-of-stream/download/end-of-stream-1.4.4.tgz",
            "integrity": "sha1-WuZKX0UFe682JuwU2gyl5LJDHrA=",
            "requires": {
                "once": "^1.4.0"
            }
        },
        "got": {
            "version": "3.2.0",
            "resolved": "https://registry.npm.taobao.org/got/download/got-3.2.0.tgz",
            "integrity": "sha1-MYInO2ldpgXFAAPcLXCCF8+BVuk=",
            "requires": {
                "duplexify": "^3.2.0",
                "infinity-agent": "^2.0.0",
                "is-stream": "^1.0.0",
                "lowercase-keys": "^1.0.0",
                "nested-error-stacks": "^1.0.0",
                "object-assign": "^2.0.0",
                "prepend-http": "^1.0.0",
                "read-all-stream": "^2.0.0",
                "statuses": "^1.2.1",
                "timed-out": "^2.0.0"
            }
        },
        "he": {
            "version": "1.2.0",
            "resolved": "https://registry.npmjs.org/he/-/he-1.2.0.tgz",
            "integrity": "sha512-F/1DnUGPopORZi0ni+CvrCgHQ5FyEAHRLSApuYWMmrbSwoN2Mn/7k+Gl38gJnR7yyDZk6WLXwiGod1JOWNDKGw==",
            "dev": true
        },
        "infinity-agent": {
            "version": "2.0.3",
            "resolved": "https://registry.npm.taobao.org/infinity-agent/download/infinity-agent-2.0.3.tgz",
            "integrity": "sha1-ReDi/3qesDCyfWK3SzdEt6esQhY="
        },
        "inherits": {
            "version": "2.0.4",
            "resolved": "https://registry.npm.taobao.org/inherits/download/inherits-2.0.4.tgz",
            "integrity": "sha1-D6LGT5MpF8NDOg3tVTY6rjdBa3w="
        },
        "ini": {
            "version": "1.3.5",
            "resolved": "https://registry.npm.taobao.org/ini/download/ini-1.3.5.tgz",
            "integrity": "sha1-7uJfVtscnsYIXgwid4CD9Zar+Sc="
        },
        "is-stream": {
            "version": "1.1.0",
            "resolved": "https://registry.npm.taobao.org/is-stream/download/is-stream-1.1.0.tgz",
            "integrity": "sha1-EtSj3U5o4Lec6428hBc66A2RykQ="
        },
        "isarray": {
            "version": "1.0.0",
            "resolved": "https://registry.npm.taobao.org/isarray/download/isarray-1.0.0.tgz",
            "integrity": "sha1-u5NdSFgsuhaMBoNJV6VKPgcSTxE="
        },
        "lowercase-keys": {
            "version": "1.0.1",
            "resolved": "https://registry.npm.taobao.org/lowercase-keys/download/lowercase-keys-1.0.1.tgz",
            "integrity": "sha1-b54wtHCE2XGnyCD/FabFFnt0wm8="
        },
        "minimist": {
            "version": "1.2.5",
            "resolved": "https://registry.npm.taobao.org/minimist/download/minimist-1.2.5.tgz",
            "integrity": "sha1-Z9ZgFLZqaoqqDAg8X9WN9OTpdgI="
        },
        "nested-error-stacks": {
            "version": "1.0.2",
            "resolved": "https://registry.npm.taobao.org/nested-error-stacks/download/nested-error-stacks-1.0.2.tgz",
            "integrity": "sha1-GfYZWRUZ8JZ2mlupqG5u7sgjw88=",
            "requires": {
                "inherits": "~2.0.1"
            }
        },
        "npm-latest-version": {
            "version": "1.0.2",
            "resolved": "https://registry.npm.taobao.org/npm-latest-version/download/npm-latest-version-1.0.2.tgz",
            "integrity": "sha1-eiieqcIuaFi1KZNEuh028+L1K5M=",
            "requires": {
                "dot-prop": "~2.2.0",
                "got": "~3.2.0",
                "registry-url": "~3.0.3",
                "xtend": "~4.0.0"
            }
        },
        "object-assign": {
            "version": "2.1.1",
            "resolved": "https://registry.npm.taobao.org/object-assign/download/object-assign-2.1.1.tgz",
            "integrity": "sha1-Q8NuXVaf+OSBbE76i+AtJpZ8GKo="
        },
        "once": {
            "version": "1.4.0",
            "resolved": "https://registry.npm.taobao.org/once/download/once-1.4.0.tgz",
            "integrity": "sha1-WDsap3WWHUsROsF9nFC6753Xa9E=",
            "requires": {
                "wrappy": "1"
            }
        },
        "prepend-http": {
            "version": "1.0.4",
            "resolved": "https://registry.npm.taobao.org/prepend-http/download/prepend-http-1.0.4.tgz",
            "integrity": "sha1-1PRWKwzjaW5BrFLQ4ALlemNdxtw="
        },
        "process-nextick-args": {
            "version": "2.0.1",
            "resolved": "https://registry.npm.taobao.org/process-nextick-args/download/process-nextick-args-2.0.1.tgz",
            "integrity": "sha1-eCDZsWEgzFXKmud5JoCufbptf+I="
        },
        "rc": {
            "version": "1.2.8",
            "resolved": "https://registry.npm.taobao.org/rc/download/rc-1.2.8.tgz",
            "integrity": "sha1-zZJL9SAKB1uDwYjNa54hG3/A0+0=",
            "requires": {
                "deep-extend": "^0.6.0",
                "ini": "~1.3.0",
                "minimist": "^1.2.0",
                "strip-json-comments": "~2.0.1"
            }
        },
        "read-all-stream": {
            "version": "2.2.0",
            "resolved": "https://registry.npm.taobao.org/read-all-stream/download/read-all-stream-2.2.0.tgz",
            "integrity": "sha1-a4M3BUbFWrat4r916Dxm5FmJu/A=",
            "requires": {
                "readable-stream": "^2.0.0"
            }
        },
        "readable-stream": {
            "version": "2.3.7",
            "resolved": "https://registry.npm.taobao.org/readable-stream/download/readable-stream-2.3.7.tgz",
            "integrity": "sha1-Hsoc9xGu+BTAT2IlKjamL2yyO1c=",
            "requires": {
                "core-util-is": "~1.0.0",
                "inherits": "~2.0.3",
                "isarray": "~1.0.0",
                "process-nextick-args": "~2.0.0",
                "safe-buffer": "~5.1.1",
                "string_decoder": "~1.1.1",
                "util-deprecate": "~1.0.1"
            }
        },
        "registry-url": {
            "version": "3.0.3",
            "resolved": "https://registry.npm.taobao.org/registry-url/download/registry-url-3.0.3.tgz",
            "integrity": "sha1-yfUQLg/ZyfJQUip/GfaGcshMzJY=",
            "requires": {
                "rc": "^1.0.1"
            }
        },
        "safe-buffer": {
            "version": "5.1.2",
            "resolved": "https://registry.npm.taobao.org/safe-buffer/download/safe-buffer-5.1.2.tgz",
            "integrity": "sha1-mR7GnSluAxN0fVm9/St0XDX4go0="
        },
        "statuses": {
            "version": "1.5.0",
            "resolved": "https://registry.npm.taobao.org/statuses/download/statuses-1.5.0.tgz",
            "integrity": "sha1-Fhx9rBd2Wf2YEfQ3cfqZOBR4Yow="
        },
        "stream-shift": {
            "version": "1.0.1",
            "resolved": "https://registry.npm.taobao.org/stream-shift/download/stream-shift-1.0.1.tgz?cache=0&sync_timestamp=1576147145118&other_urls=https%3A%2F%2Fregistry.npm.taobao.org%2Fstream-shift%2Fdownload%2Fstream-shift-1.0.1.tgz",
            "integrity": "sha1-1wiCgVWasneEJCebCHfaPDktWj0="
        },
        "string_decoder": {
            "version": "1.1.1",
            "resolved": "https://registry.npm.taobao.org/string_decoder/download/string_decoder-1.1.1.tgz",
            "integrity": "sha1-nPFhG6YmhdcDCunkujQUnDrwP8g=",
            "requires": {
                "safe-buffer": "~5.1.0"
            }
        },
        "strip-json-comments": {
            "version": "2.0.1",
            "resolved": "https://registry.npm.taobao.org/strip-json-comments/download/strip-json-comments-2.0.1.tgz",
            "integrity": "sha1-PFMZQukIwml8DsNEhYwobHygpgo="
        },
        "timed-out": {
            "version": "2.0.0",
            "resolved": "https://registry.npm.taobao.org/timed-out/download/timed-out-2.0.0.tgz",
            "integrity": "sha1-84sK6B03R9YoAB9B2vxlKs5nHAo="
        },
        "util-deprecate": {
            "version": "1.0.2",
            "resolved": "https://registry.npm.taobao.org/util-deprecate/download/util-deprecate-1.0.2.tgz",
            "integrity": "sha1-RQ1Nyfpw3nMnYvvS1KKJgUGaDM8="
        },
        "vue-template-compiler": {
            "version": "2.6.12",
            "resolved": "https://registry.npmjs.org/vue-template-compiler/-/vue-template-compiler-2.6.12.tgz",
            "integrity": "sha512-OzzZ52zS41YUbkCBfdXShQTe69j1gQDZ9HIX8miuC9C3rBCk9wIRjLiZZLrmX9V+Ftq/YEyv1JaVr5Y/hNtByg==",
            "dev": true,
            "requires": {
                "de-indent": "^1.0.2",
                "he": "^1.1.0"
            }
        },
        "wrappy": {
            "version": "1.0.2",
            "resolved": "https://registry.npm.taobao.org/wrappy/download/wrappy-1.0.2.tgz",
            "integrity": "sha1-tSQ9jz7BqjXxNkYFvA0QNuMKtp8="
        },
        "xtend": {
            "version": "4.0.2",
            "resolved": "https://registry.npm.taobao.org/xtend/download/xtend-4.0.2.tgz",
            "integrity": "sha1-u3J3n1+kZRhrH0OPZ0+jR/2121Q="
        }
    }
}
